
Microsoft Visual Studio Solution File, Format Version 11.00
# Visual Studio 2010
Project("{FAE04EC0-301F-11D3-BF4B-00C04F79EFBC}") = "Meryel.CodeAssist.Editor", "Meryel.CodeAssist.Editor.csproj", "{d80db801-4305-3deb-164a-724057f7503c}"
EndProject
Project("{FAE04EC0-301F-11D3-BF4B-00C04F79EFBC}") = "Assembly-CSharp", "Assembly-CSharp.csproj", "{c43cf02a-48d1-24fe-d5c0-050547adc176}"
EndProject
Project("{FAE04EC0-301F-11D3-BF4B-00C04F79EFBC}") = "Assembly-CSharp-Editor", "Assembly-CSharp-Editor.csproj", "{141e2314-6dc2-6736-4b8f-cfded6806d43}"
EndProject
Project("{FAE04EC0-301F-11D3-BF4B-00C04F79EFBC}") = "Assembly-CSharp-firstpass", "Assembly-CSharp-firstpass.csproj", "{c33111b0-c7c4-9afd-342a-4ff04ca731c3}"
EndProject
Project("{FAE04EC0-301F-11D3-BF4B-00C04F79EFBC}") = "Assembly-CSharp-Editor-firstpass", "Assembly-CSharp-Editor-firstpass.csproj", "{d45018a8-f1c1-30a3-62dc-7a32f929f8dd}"
EndProject
Global
	GlobalSection(SolutionConfigurationPlatforms) = preSolution
		Debug|Any CPU = Debug|Any CPU
	EndGlobalSection
	GlobalSection(ProjectConfigurationPlatforms) = postSolution
		{d80db801-4305-3deb-164a-724057f7503c}.Debug|Any CPU.ActiveCfg = Debug|Any CPU
		{d80db801-4305-3deb-164a-724057f7503c}.Debug|Any CPU.Build.0 = Debug|Any CPU
		{c43cf02a-48d1-24fe-d5c0-050547adc176}.Debug|Any CPU.ActiveCfg = Debug|Any CPU
		{c43cf02a-48d1-24fe-d5c0-050547adc176}.Debug|Any CPU.Build.0 = Debug|Any CPU
		{141e2314-6dc2-6736-4b8f-cfded6806d43}.Debug|Any CPU.ActiveCfg = Debug|Any CPU
		{141e2314-6dc2-6736-4b8f-cfded6806d43}.Debug|Any CPU.Build.0 = Debug|Any CPU
		{c33111b0-c7c4-9afd-342a-4ff04ca731c3}.Debug|Any CPU.ActiveCfg = Debug|Any CPU
		{c33111b0-c7c4-9afd-342a-4ff04ca731c3}.Debug|Any CPU.Build.0 = Debug|Any CPU
		{d45018a8-f1c1-30a3-62dc-7a32f929f8dd}.Debug|Any CPU.ActiveCfg = Debug|Any CPU
		{d45018a8-f1c1-30a3-62dc-7a32f929f8dd}.Debug|Any CPU.Build.0 = Debug|Any CPU
	EndGlobalSection
	GlobalSection(SolutionProperties) = preSolution
		HideSolutionNode = FALSE
	EndGlobalSection
EndGlobal
